// !$*UTF8*$!
{
	archiveVersion = 1;
	classes = {
	};
	objectVersion = 46;
	objects = {

/* Begin PBXBuildFile section */
		8CF196F91932913C004562EB /* Foundation.framework in Frameworks */ = {isa = PBXBuildFile; fileRef = 8CF196F81932913C004562EB /* Foundation.framework */; };
		8CF196FB1932913C004562EB /* CoreGraphics.framework in Frameworks */ = {isa = PBXBuildFile; fileRef = 8CF196FA1932913C004562EB /* CoreGraphics.framework */; };
		8CF196FD1932913C004562EB /* UIKit.framework in Frameworks */ = {isa = PBXBuildFile; fileRef = 8CF196FC1932913C004562EB /* UIKit.framework */; };
		8CF197031932913C004562EB /* InfoPlist.strings in Resources */ = {isa = PBXBuildFile; fileRef = 8CF197011932913C004562EB /* InfoPlist.strings */; };
		8CF197051932913C004562EB /* main.m in Sources */ = {isa = PBXBuildFile; fileRef = 8CF197041932913C004562EB /* main.m */; };
		8CF197091932913C004562EB /* JRSAppDelegate.m in Sources */ = {isa = PBXBuildFile; fileRef = 8CF197081932913C004562EB /* JRSAppDelegate.m */; };
		8CF1970B1932913C004562EB /* Images.xcassets in Resources */ = {isa = PBXBuildFile; fileRef = 8CF1970A1932913C004562EB /* Images.xcassets */; };
		8CF197121932913C004562EB /* XCTest.framework in Frameworks */ = {isa = PBXBuildFile; fileRef = 8CF197111932913C004562EB /* XCTest.framework */; };
		8CF197131932913C004562EB /* Foundation.framework in Frameworks */ = {isa = PBXBuildFile; fileRef = 8CF196F81932913C004562EB /* Foundation.framework */; };
		8CF197141932913C004562EB /* UIKit.framework in Frameworks */ = {isa = PBXBuildFile; fileRef = 8CF196FC1932913C004562EB /* UIKit.framework */; };
		8CF1971C1932913C004562EB /* InfoPlist.strings in Resources */ = {isa = PBXBuildFile; fileRef = 8CF1971A1932913C004562EB /* InfoPlist.strings */; };
		8CF1971E1932913C004562EB /* __3_CustomizingUISwitchTests.m in Sources */ = {isa = PBXBuildFile; fileRef = 8CF1971D1932913C004562EB /* __3_CustomizingUISwitchTests.m */; };
		8CF1972919329151004562EB /* ViewController.m in Sources */ = {isa = PBXBuildFile; fileRef = 8CF1972819329151004562EB /* ViewController.m */; };
/* End PBXBuildFile section */

/* Begin PBXContainerItemProxy section */
		8CF197151932913C004562EB /* PBXContainerItemProxy */ = {
			isa = PBXContainerItemProxy;
			containerPortal = 8CF196ED1932913C004562EB /* Project object */;
			proxyType = 1;
			remoteGlobalIDString = 8CF196F41932913C004562EB;
			remoteInfo = "1.3-CustomizingUISwitch";
		};
/* End PBXContainerItemProxy section */

/* Begin PBXFileReference section */
		8CF196F51932913C004562EB /* 1.3-CustomizingUISwitch.app */ = {isa = PBXFileReference; explicitFileType = wrapper.application; includeInIndex = 0; path = "1.3-CustomizingUISwitch.app"; sourceTree = BUILT_PRODUCTS_DIR; };
		8CF196F81932913C004562EB /* Foundation.framework */ = {isa = PBXFileReference; lastKnownFileType = wrapper.framework; name = Foundation.framework; path = System/Library/Frameworks/Foundation.framework; sourceTree = SDKROOT; };
		8CF196FA1932913C004562EB /* CoreGraphics.framework */ = {isa = PBXFileReference; lastKnownFileType = wrapper.framework; name = CoreGraphics.framework; path = System/Library/Frameworks/CoreGraphics.framework; sourceTree = SDKROOT; };
		8CF196FC1932913C004562EB /* UIKit.framework */ = {isa = PBXFileReference; lastKnownFileType = wrapper.framework; name = UIKit.framework; path = System/Library/Frameworks/UIKit.framework; sourceTree = SDKROOT; };
		8CF197001932913C004562EB /* 1.3-CustomizingUISwitch-Info.plist */ = {isa = PBXFileReference; lastKnownFileType = text.plist.xml; path = "1.3-CustomizingUISwitch-Info.plist"; sourceTree = "<group>"; };
		8CF197021932913C004562EB /* en */ = {isa = PBXFileReference; lastKnownFileType = text.plist.strings; name = en; path = en.lproj/InfoPlist.strings; sourceTree = "<group>"; };
		8CF197041932913C004562EB /* main.m */ = {isa = PBXFileReference; lastKnownFileType = sourcecode.c.objc; path = main.m; sourceTree = "<group>"; };
		8CF197061932913C004562EB /* 1.3-CustomizingUISwitch-Prefix.pch */ = {isa = PBXFileReference; lastKnownFileType = sourcecode.c.h; path = "1.3-CustomizingUISwitch-Prefix.pch"; sourceTree = "<group>"; };
		8CF197071932913C004562EB /* JRSAppDelegate.h */ = {isa = PBXFileReference; lastKnownFileType = sourcecode.c.h; path = JRSAppDelegate.h; sourceTree = "<group>"; };
		8CF197081932913C004562EB /* JRSAppDelegate.m */ = {isa = PBXFileReference; lastKnownFileType = sourcecode.c.objc; path = JRSAppDelegate.m; sourceTree = "<group>"; };
		8CF1970A1932913C004562EB /* Images.xcassets */ = {isa = PBXFileReference; lastKnownFileType = folder.assetcatalog; path = Images.xcassets; sourceTree = "<group>"; };
		8CF197101932913C004562EB /* 1.3-CustomizingUISwitchTests.xctest */ = {isa = PBXFileReference; explicitFileType = wrapper.cfbundle; includeInIndex = 0; path = "1.3-CustomizingUISwitchTests.xctest"; sourceTree = BUILT_PRODUCTS_DIR; };
		8CF197111932913C004562EB /* XCTest.framework */ = {isa = PBXFileReference; lastKnownFileType = wrapper.framework; name = XCTest.framework; path = Library/Frameworks/XCTest.framework; sourceTree = DEVELOPER_DIR; };
		8CF197191932913C004562EB /* 1.3-CustomizingUISwitchTests-Info.plist */ = {isa = PBXFileReference; lastKnownFileType = text.plist.xml; path = "1.3-CustomizingUISwitchTests-Info.plist"; sourceTree = "<group>"; };
		8CF1971B1932913C004562EB /* en */ = {isa = PBXFileReference; lastKnownFileType = text.plist.strings; name = en; path = en.lproj/InfoPlist.strings; sourceTree = "<group>"; };
		8CF1971D1932913C004562EB /* __3_CustomizingUISwitchTests.m */ = {isa = PBXFileReference; lastKnownFileType = sourcecode.c.objc; path = __3_CustomizingUISwitchTests.m; sourceTree = "<group>"; };
		8CF1972719329151004562EB /* ViewController.h */ = {isa = PBXFileReference; fileEncoding = 4; lastKnownFileType = sourcecode.c.h; name = ViewController.h; path = ../ViewController.h; sourceTree = "<group>"; };
		8CF1972819329151004562EB /* ViewController.m */ = {isa = PBXFileReference; fileEncoding = 4; lastKnownFileType = sourcecode.c.objc; name = ViewController.m; path = ../ViewController.m; sourceTree = "<group>"; };
/* End PBXFileReference section */

/* Begin PBXFrameworksBuildPhase section */
		8CF196F21932913C004562EB /* Frameworks */ = {
			isa = PBXFrameworksBuildPhase;
			buildActionMask = 2147483647;
			files = (
				8CF196FB1932913C004562EB /* CoreGraphics.framework in Frameworks */,
				8CF196FD1932913C004562EB /* UIKit.framework in Frameworks */,
				8CF196F91932913C004562EB /* Foundation.framework in Frameworks */,
			);
			runOnlyForDeploymentPostprocessing = 0;
		};
		8CF1970D1932913C004562EB /* Frameworks */ = {
			isa = PBXFrameworksBuildPhase;
			buildActionMask = 2147483647;
			files = (
				8CF197121932913C004562EB /* XCTest.framework in Frameworks */,
				8CF197141932913C004562EB /* UIKit.framework in Frameworks */,
				8CF197131932913C004562EB /* Foundation.framework in Frameworks */,
			);
			runOnlyForDeploymentPostprocessing = 0;
		};
/* End PBXFrameworksBuildPhase section */

/* Begin PBXGroup section */
		8CF196EC1932913C004562EB = {
			isa = PBXGroup;
			children = (
				8CF196FE1932913C004562EB /* 1.3-CustomizingUISwitch */,
				8CF197171932913C004562EB /* 1.3-CustomizingUISwitchTests */,
				8CF196F71932913C004562EB /* Frameworks */,
				8CF196F61932913C004562EB /* Products */,
			);
			sourceTree = "<group>";
		};
		8CF196F61932913C004562EB /* Products */ = {
			isa = PBXGroup;
			children = (
				8CF196F51932913C004562EB /* 1.3-CustomizingUISwitch.app */,
				8CF197101932913C004562EB /* 1.3-CustomizingUISwitchTests.xctest */,
			);
			name = Products;
			sourceTree = "<group>";
		};
		8CF196F71932913C004562EB /* Frameworks */ = {
			isa = PBXGroup;
			children = (
				8CF196F81932913C004562EB /* Foundation.framework */,
				8CF196FA1932913C004562EB /* CoreGraphics.framework */,
				8CF196FC1932913C004562EB /* UIKit.framework */,
				8CF197111932913C004562EB /* XCTest.framework */,
			);
			name = Frameworks;
			sourceTree = "<group>";
		};
		8CF196FE1932913C004562EB /* 1.3-CustomizingUISwitch */ = {
			isa = PBXGroup;
			children = (
				8CF197071932913C004562EB /* JRSAppDelegate.h */,
				8CF197081932913C004562EB /* JRSAppDelegate.m */,
				8CF1972719329151004562EB /* ViewController.h */,
				8CF1972819329151004562EB /* ViewController.m */,
				8CF1970A1932913C004562EB /* Images.xcassets */,
				8CF196FF1932913C004562EB /* Supporting Files */,
			);
			path = "1.3-CustomizingUISwitch";
			sourceTree = "<group>";
		};
		8CF196FF1932913C004562EB /* Supporting Files */ = {
			isa = PBXGroup;
			children = (
				8CF197001932913C004562EB /* 1.3-CustomizingUISwitch-Info.plist */,
				8CF197011932913C004562EB /* InfoPlist.strings */,
				8CF197041932913C004562EB /* main.m */,
				8CF197061932913C004562EB /* 1.3-CustomizingUISwitch-Prefix.pch */,
			);
			name = "Supporting Files";
			sourceTree = "<group>";
		};
		8CF197171932913C004562EB /* 1.3-CustomizingUISwitchTests */ = {
			isa = PBXGroup;
			children = (
				8CF1971D1932913C004562EB /* __3_CustomizingUISwitchTests.m */,
				8CF197181932913C004562EB /* Supporting Files */,
			);
			path = "1.3-CustomizingUISwitchTests";
			sourceTree = "<group>";
		};
		8CF197181932913C004562EB /* Supporting Files */ = {
			isa = PBXGroup;
			children = (
				8CF197191932913C004562EB /* 1.3-CustomizingUISwitchTests-Info.plist */,
				8CF1971A1932913C004562EB /* InfoPlist.strings */,
			);
			name = "Supporting Files";
			sourceTree = "<group>";
		};
/* End PBXGroup section */

/* Begin PBXNativeTarget section */
		8CF196F41932913C004562EB /* 1.3-CustomizingUISwitch */ = {
			isa = PBXNativeTarget;
			buildConfigurationList = 8CF197211932913C004562EB /* Build configuration list for PBXNativeTarget "1.3-CustomizingUISwitch" */;
			buildPhases = (
				8CF196F11932913C004562EB /* Sources */,
				8CF196F21932913C004562EB /* Frameworks */,
				8CF196F31932913C004562EB /* Resources */,
			);
			buildRules = (
			);
			dependencies = (
			);
			name = "1.3-CustomizingUISwitch";
			productName = "1.3-CustomizingUISwitch";
			productReference = 8CF196F51932913C004562EB /* 1.3-CustomizingUISwitch.app */;
			productType = "com.apple.product-type.application";
		};
		8CF1970F1932913C004562EB /* 1.3-CustomizingUISwitchTests */ = {
			isa = PBXNativeTarget;
			buildConfigurationList = 8CF197241932913C004562EB /* Build configuration list for PBXNativeTarget "1.3-CustomizingUISwitchTests" */;
			buildPhases = (
				8CF1970C1932913C004562EB /* Sources */,
				8CF1970D1932913C004562EB /* Frameworks */,
				8CF1970E1932913C004562EB /* Resources */,
			);
			buildRules = (
			);
			dependencies = (
				8CF197161932913C004562EB /* PBXTargetDependency */,
			);
			name = "1.3-CustomizingUISwitchTests";
			productName = "1.3-CustomizingUISwitchTests";
			productReference = 8CF197101932913C004562EB /* 1.3-CustomizingUISwitchTests.xctest */;
			productType = "com.apple.product-type.bundle.unit-test";
		};
/* End PBXNativeTarget section */

/* Begin PBXProject section */
		8CF196ED1932913C004562EB /* Project object */ = {
			isa = PBXProject;
			attributes = {
				CLASSPREFIX = JRS;
				LastUpgradeCheck = 0510;
				ORGANIZATIONNAME = "Roy Stanfield";
				TargetAttributes = {
					8CF1970F1932913C004562EB = {
						TestTargetID = 8CF196F41932913C004562EB;
					};
				};
			};
			buildConfigurationList = 8CF196F01932913C004562EB /* Build configuration list for PBXProject "1.3-CustomizingUISwitch" */;
			compatibilityVersion = "Xcode 3.2";
			developmentRegion = English;
			hasScannedForEncodings = 0;
			knownRegions = (
				en,
			);
			mainGroup = 8CF196EC1932913C004562EB;
			productRefGroup = 8CF196F61932913C004562EB /* Products */;
			projectDirPath = "";
			projectRoot = "";
			targets = (
				8CF196F41932913C004562EB /* 1.3-CustomizingUISwitch */,
				8CF1970F1932913C004562EB /* 1.3-CustomizingUISwitchTests */,
			);
		};
/* End PBXProject section */

/* Begin PBXResourcesBuildPhase section */
		8CF196F31932913C004562EB /* Resources */ = {
			isa = PBXResourcesBuildPhase;
			buildActionMask = 2147483647;
			files = (
				8CF197031932913C004562EB /* InfoPlist.strings in Resources */,
				8CF1970B1932913C004562EB /* Images.xcassets in Resources */,
			);
			runOnlyForDeploymentPostprocessing = 0;
		};
		8CF1970E1932913C004562EB /* Resources */ = {
			isa = PBXResourcesBuildPhase;
			buildActionMask = 2147483647;
			files = (
				8CF1971C1932913C004562EB /* InfoPlist.strings in Resources */,
			);
			runOnlyForDeploymentPostprocessing = 0;
		};
/* End PBXResourcesBuildPhase section */

/* Begin PBXSourcesBuildPhase section */
		8CF196F11932913C004562EB /* Sources */ = {
			isa = PBXSourcesBuildPhase;
			buildActionMask = 2147483647;
			files = (
				8CF1972919329151004562EB /* ViewController.m in Sources */,
				8CF197091932913C004562EB /* JRSAppDelegate.m in Sources */,
				8CF197051932913C004562EB /* main.m in Sources */,
			);
			runOnlyForDeploymentPostprocessing = 0;
		};
		8CF1970C1932913C004562EB /* Sources */ = {
			isa = PBXSourcesBuildPhase;
			buildActionMask = 2147483647;
			files = (
				8CF1971E1932913C004562EB /* __3_CustomizingUISwitchTests.m in Sources */,
			);
			runOnlyForDeploymentPostprocessing = 0;
		};
/* End PBXSourcesBuildPhase section */

/* Begin PBXTargetDependency section */
		8CF197161932913C004562EB /* PBXTargetDependency */ = {
			isa = PBXTargetDependency;
			target = 8CF196F41932913C004562EB /* 1.3-CustomizingUISwitch */;
			targetProxy = 8CF197151932913C004562EB /* PBXContainerItemProxy */;
		};
/* End PBXTargetDependency section */

/* Begin PBXVariantGroup section */
		8CF197011932913C004562EB /* InfoPlist.strings */ = {
			isa = PBXVariantGroup;
			children = (
				8CF197021932913C004562EB /* en */,
			);
			name = InfoPlist.strings;
			sourceTree = "<group>";
		};
		8CF1971A1932913C004562EB /* InfoPlist.strings */ = {
			isa = PBXVariantGroup;
			children = (
				8CF1971B1932913C004562EB /* en */,
			);
			name = InfoPlist.strings;
			sourceTree = "<group>";
		};
/* End PBXVariantGroup section */

/* Begin XCBuildConfiguration section */
		8CF1971F1932913C004562EB /* Debug */ = {
			isa = XCBuildConfiguration;
			buildSettings = {
				ALWAYS_SEARCH_USER_PATHS = NO;
				CLANG_CXX_LANGUAGE_STANDARD = "gnu++0x";
				CLANG_CXX_LIBRARY = "libc++";
				CLANG_ENABLE_MODULES = YES;
				CLANG_ENABLE_OBJC_ARC = YES;
				CLANG_WARN_BOOL_CONVERSION = YES;
				CLANG_WARN_CONSTANT_CONVERSION = YES;
				CLANG_WARN_DIRECT_OBJC_ISA_USAGE = YES_ERROR;
				CLANG_WARN_EMPTY_BODY = YES;
				CLANG_WARN_ENUM_CONVERSION = YES;
				CLANG_WARN_INT_CONVERSION = YES;
				CLANG_WARN_OBJC_ROOT_CLASS = YES_ERROR;
				CLANG_WARN__DUPLICATE_METHOD_MATCH = YES;
				"CODE_SIGN_IDENTITY[sdk=iphoneos*]" = "iPhone Developer";
				COPY_PHASE_STRIP = NO;
				GCC_C_LANGUAGE_STANDARD = gnu99;
				GCC_DYNAMIC_NO_PIC = NO;
				GCC_OPTIMIZATION_LEVEL = 0;
				GCC_PREPROCESSOR_DEFINITIONS = (
					"DEBUG=1",
					"$(inherited)",
				);
				GCC_SYMBOLS_PRIVATE_EXTERN = NO;
				GCC_WARN_64_TO_32_BIT_CONVERSION = YES;
				GCC_WARN_ABOUT_RETURN_TYPE = YES_ERROR;
				GCC_WARN_UNDECLARED_SELECTOR = YES;
				GCC_WARN_UNINITIALIZED_AUTOS = YES_AGGRESSIVE;
				GCC_WARN_UNUSED_FUNCTION = YES;
				GCC_WARN_UNUSED_VARIABLE = YES;
				IPHONEOS_DEPLOYMENT_TARGET = 7.1;
				ONLY_ACTIVE_ARCH = YES;
				SDKROOT = iphoneos;
			};
			name = Debug;
		};
		8CF197201932913C004562EB /* Release */ = {
			isa = XCBuildConfiguration;
			buildSettings = {
				ALWAYS_SEARCH_USER_PATHS = NO;
				CLANG_CXX_LANGUAGE_STANDARD = "gnu++0x";
				CLANG_CXX_LIBRARY = "libc++";
				CLANG_ENABLE_MODULES = YES;
				CLANG_ENABLE_OBJC_ARC = YES;
				CLANG_WARN_BOOL_CONVERSION = YES;
				CLANG_WARN_CONSTANT_CONVERSION = YES;
				CLANG_WARN_DIRECT_OBJC_ISA_USAGE = YES_ERROR;
				CLANG_WARN_EMPTY_BODY = YES;
				CLANG_WARN_ENUM_CONVERSION = YES;
				CLANG_WARN_INT_CONVERSION = YES;
				CLANG_WARN_OBJC_ROOT_CLASS = YES_ERROR;
				CLANG_WARN__DUPLICATE_METHOD_MATCH = YES;
				"CODE_SIGN_IDENTITY[sdk=iphoneos*]" = "iPhone Developer";
				COPY_PHASE_STRIP = YES;
				ENABLE_NS_ASSERTIONS = NO;
				GCC_C_LANGUAGE_STANDARD = gnu99;
				GCC_WARN_64_TO_32_BIT_CONVERSION = YES;
				GCC_WARN_ABOUT_RETURN_TYPE = YES_ERROR;
				GCC_WARN_UNDECLARED_SELECTOR = YES;
				GCC_WARN_UNINITIALIZED_AUTOS = YES_AGGRESSIVE;
				GCC_WARN_UNUSED_FUNCTION = YES;
				GCC_WARN_UNUSED_VARIABLE = YES;
				IPHONEOS_DEPLOYMENT_TARGET = 7.1;
				SDKROOT = iphoneos;
				VALIDATE_PRODUCT = YES;
			};
			name = Release;
		};
		8CF197221932913C004562EB /* Debug */ = {
			isa = XCBuildConfiguration;
			buildSettings = {
				ASSETCATALOG_COMPILER_APPICON_NAME = AppIcon;
				ASSETCATALOG_COMPILER_LAUNCHIMAGE_NAME = LaunchImage;
				GCC_PRECOMPILE_PREFIX_HEADER = YES;
				GCC_PREFIX_HEADER = "1.3-CustomizingUISwitch/1.3-CustomizingUISwitch-Prefix.pch";
				INFOPLIST_FILE = "1.3-CustomizingUISwitch/1.3-CustomizingUISwitch-Info.plist";
				PRODUCT_NAME = "$(TARGET_NAME)";
				WRAPPER_EXTENSION = app;
			};
			name = Debug;
		};
		8CF197231932913C004562EB /* Release */ = {
			isa = XCBuildConfiguration;
			buildSettings = {
				ASSETCATALOG_COMPILER_APPICON_NAME = AppIcon;
				ASSETCATALOG_COMPILER_LAUNCHIMAGE_NAME = LaunchImage;
				GCC_PRECOMPILE_PREFIX_HEADER = YES;
				GCC_PREFIX_HEADER = "1.3-CustomizingUISwitch/1.3-CustomizingUISwitch-Prefix.pch";
				INFOPLIST_FILE = "1.3-CustomizingUISwitch/1.3-CustomizingUISwitch-Info.plist";
				PRODUCT_NAME = "$(TARGET_NAME)";
				WRAPPER_EXTENSION = app;
			};
			name = Release;
		};
		8CF197251932913C004562EB /* Debug */ = {
			isa = XCBuildConfiguration;
			buildSettings = {
				BUNDLE_LOADER = "$(BUILT_PRODUCTS_DIR)/1.3-CustomizingUISwitch.app/1.3-CustomizingUISwitch";
				FRAMEWORK_SEARCH_PATHS = (
					"$(SDKROOT)/Developer/Library/Frameworks",
					"$(inherited)",
					"$(DEVELOPER_FRAMEWORKS_DIR)",
				);
				GCC_PRECOMPILE_PREFIX_HEADER = YES;
				GCC_PREFIX_HEADER = "1.3-CustomizingUISwitch/1.3-CustomizingUISwitch-Prefix.pch";
				GCC_PREPROCESSOR_DEFINITIONS = (
					"DEBUG=1",
					"$(inherited)",
				);
				INFOPLIST_FILE = "1.3-CustomizingUISwitchTests/1.3-CustomizingUISwitchTests-Info.plist";
				PRODUCT_NAME = "$(TARGET_NAME)";
				TEST_HOST = "$(BUNDLE_LOADER)";
				WRAPPER_EXTENSION = xctest;
			};
			name = Debug;
		};
		8CF197261932913C004562EB /* Release */ = {
			isa = XCBuildConfiguration;
			buildSettings = {
				BUNDLE_LOADER = "$(BUILT_PRODUCTS_DIR)/1.3-CustomizingUISwitch.app/1.3-CustomizingUISwitch";
				FRAMEWORK_SEARCH_PATHS = (
					"$(SDKROOT)/Developer/Library/Frameworks",
					"$(inherited)",
					"$(DEVELOPER_FRAMEWORKS_DIR)",
				);
				GCC_PRECOMPILE_PREFIX_HEADER = YES;
				GCC_PREFIX_HEADER = "1.3-CustomizingUISwitch/1.3-CustomizingUISwitch-Prefix.pch";
				INFOPLIST_FILE = "1.3-CustomizingUISwitchTests/1.3-CustomizingUISwitchTests-Info.plist";
				PRODUCT_NAME = "$(TARGET_NAME)";
				TEST_HOST = "$(BUNDLE_LOADER)";
				WRAPPER_EXTENSION = xctest;
			};
			name = Release;
		};
/* End XCBuildConfiguration section */

/* Begin XCConfigurationList section */
		8CF196F01932913C004562EB /* Build configuration list for PBXProject "1.3-CustomizingUISwitch" */ = {
			isa = XCConfigurationList;
			buildConfigurations = (
				8CF1971F1932913C004562EB /* Debug */,
				8CF197201932913C004562EB /* Release */,
			);
			defaultConfigurationIsVisible = 0;
			defaultConfigurationName = Release;
		};
		8CF197211932913C004562EB /* Build configuration list for PBXNativeTarget "1.3-CustomizingUISwitch" */ = {
			isa = XCConfigurationList;
			buildConfigurations = (
				8CF197221932913C004562EB /* Debug */,
				8CF197231932913C004562EB /* Release */,
			);
			defaultConfigurationIsVisible = 0;
		};
		8CF197241932913C004562EB /* Build configuration list for PBXNativeTarget "1.3-CustomizingUISwitchTests" */ = {
			isa = XCConfigurationList;
			buildConfigurations = (
				8CF197251932913C004562EB /* Debug */,
				8CF197261932913C004562EB /* Release */,
			);
			defaultConfigurationIsVisible = 0;
		};
/* End XCConfigurationList section */
	};
	rootObject = 8CF196ED1932913C004562EB /* Project object */;
}
