// !$*UTF8*$!
{
	archiveVersion = 1;
	classes = {
	};
	objectVersion = 46;
	objects = {

/* Begin PBXBuildFile section */
		8C6A9A4B1943A31100BF4252 /* Foundation.framework in Frameworks */ = {isa = PBXBuildFile; fileRef = 8C6A9A4A1943A31100BF4252 /* Foundation.framework */; };
		8C6A9A4D1943A31100BF4252 /* CoreGraphics.framework in Frameworks */ = {isa = PBXBuildFile; fileRef = 8C6A9A4C1943A31100BF4252 /* CoreGraphics.framework */; };
		8C6A9A4F1943A31100BF4252 /* UIKit.framework in Frameworks */ = {isa = PBXBuildFile; fileRef = 8C6A9A4E1943A31100BF4252 /* UIKit.framework */; };
		8C6A9A551943A31100BF4252 /* InfoPlist.strings in Resources */ = {isa = PBXBuildFile; fileRef = 8C6A9A531943A31100BF4252 /* InfoPlist.strings */; };
		8C6A9A571943A31100BF4252 /* main.m in Sources */ = {isa = PBXBuildFile; fileRef = 8C6A9A561943A31100BF4252 /* main.m */; };
		8C6A9A5B1943A31100BF4252 /* AppDelegate.m in Sources */ = {isa = PBXBuildFile; fileRef = 8C6A9A5A1943A31100BF4252 /* AppDelegate.m */; };
		8C6A9A5D1943A31100BF4252 /* Images.xcassets in Resources */ = {isa = PBXBuildFile; fileRef = 8C6A9A5C1943A31100BF4252 /* Images.xcassets */; };
		8C6A9A641943A31100BF4252 /* XCTest.framework in Frameworks */ = {isa = PBXBuildFile; fileRef = 8C6A9A631943A31100BF4252 /* XCTest.framework */; };
		8C6A9A651943A31100BF4252 /* Foundation.framework in Frameworks */ = {isa = PBXBuildFile; fileRef = 8C6A9A4A1943A31100BF4252 /* Foundation.framework */; };
		8C6A9A661943A31100BF4252 /* UIKit.framework in Frameworks */ = {isa = PBXBuildFile; fileRef = 8C6A9A4E1943A31100BF4252 /* UIKit.framework */; };
		8C6A9A6E1943A31100BF4252 /* InfoPlist.strings in Resources */ = {isa = PBXBuildFile; fileRef = 8C6A9A6C1943A31100BF4252 /* InfoPlist.strings */; };
		8C6A9A701943A31100BF4252 /* __2_TableViewCellAccesoriesTests.m in Sources */ = {isa = PBXBuildFile; fileRef = 8C6A9A6F1943A31100BF4252 /* __2_TableViewCellAccesoriesTests.m */; };
		8C6A9A7B1943A33700BF4252 /* MyTableViewController.m in Sources */ = {isa = PBXBuildFile; fileRef = 8C6A9A7A1943A33700BF4252 /* MyTableViewController.m */; };
/* End PBXBuildFile section */

/* Begin PBXContainerItemProxy section */
		8C6A9A671943A31100BF4252 /* PBXContainerItemProxy */ = {
			isa = PBXContainerItemProxy;
			containerPortal = 8C6A9A3F1943A31100BF4252 /* Project object */;
			proxyType = 1;
			remoteGlobalIDString = 8C6A9A461943A31100BF4252;
			remoteInfo = "4.2-TableViewCellAccesories";
		};
/* End PBXContainerItemProxy section */

/* Begin PBXFileReference section */
		8C6A9A471943A31100BF4252 /* 4.2-TableViewCellAccesories.app */ = {isa = PBXFileReference; explicitFileType = wrapper.application; includeInIndex = 0; path = "4.2-TableViewCellAccesories.app"; sourceTree = BUILT_PRODUCTS_DIR; };
		8C6A9A4A1943A31100BF4252 /* Foundation.framework */ = {isa = PBXFileReference; lastKnownFileType = wrapper.framework; name = Foundation.framework; path = System/Library/Frameworks/Foundation.framework; sourceTree = SDKROOT; };
		8C6A9A4C1943A31100BF4252 /* CoreGraphics.framework */ = {isa = PBXFileReference; lastKnownFileType = wrapper.framework; name = CoreGraphics.framework; path = System/Library/Frameworks/CoreGraphics.framework; sourceTree = SDKROOT; };
		8C6A9A4E1943A31100BF4252 /* UIKit.framework */ = {isa = PBXFileReference; lastKnownFileType = wrapper.framework; name = UIKit.framework; path = System/Library/Frameworks/UIKit.framework; sourceTree = SDKROOT; };
		8C6A9A521943A31100BF4252 /* 4.2-TableViewCellAccesories-Info.plist */ = {isa = PBXFileReference; lastKnownFileType = text.plist.xml; path = "4.2-TableViewCellAccesories-Info.plist"; sourceTree = "<group>"; };
		8C6A9A541943A31100BF4252 /* en */ = {isa = PBXFileReference; lastKnownFileType = text.plist.strings; name = en; path = en.lproj/InfoPlist.strings; sourceTree = "<group>"; };
		8C6A9A561943A31100BF4252 /* main.m */ = {isa = PBXFileReference; lastKnownFileType = sourcecode.c.objc; path = main.m; sourceTree = "<group>"; };
		8C6A9A581943A31100BF4252 /* 4.2-TableViewCellAccesories-Prefix.pch */ = {isa = PBXFileReference; lastKnownFileType = sourcecode.c.h; path = "4.2-TableViewCellAccesories-Prefix.pch"; sourceTree = "<group>"; };
		8C6A9A591943A31100BF4252 /* AppDelegate.h */ = {isa = PBXFileReference; lastKnownFileType = sourcecode.c.h; path = AppDelegate.h; sourceTree = "<group>"; };
		8C6A9A5A1943A31100BF4252 /* AppDelegate.m */ = {isa = PBXFileReference; lastKnownFileType = sourcecode.c.objc; path = AppDelegate.m; sourceTree = "<group>"; };
		8C6A9A5C1943A31100BF4252 /* Images.xcassets */ = {isa = PBXFileReference; lastKnownFileType = folder.assetcatalog; path = Images.xcassets; sourceTree = "<group>"; };
		8C6A9A621943A31100BF4252 /* 4.2-TableViewCellAccesoriesTests.xctest */ = {isa = PBXFileReference; explicitFileType = wrapper.cfbundle; includeInIndex = 0; path = "4.2-TableViewCellAccesoriesTests.xctest"; sourceTree = BUILT_PRODUCTS_DIR; };
		8C6A9A631943A31100BF4252 /* XCTest.framework */ = {isa = PBXFileReference; lastKnownFileType = wrapper.framework; name = XCTest.framework; path = Library/Frameworks/XCTest.framework; sourceTree = DEVELOPER_DIR; };
		8C6A9A6B1943A31100BF4252 /* 4.2-TableViewCellAccesoriesTests-Info.plist */ = {isa = PBXFileReference; lastKnownFileType = text.plist.xml; path = "4.2-TableViewCellAccesoriesTests-Info.plist"; sourceTree = "<group>"; };
		8C6A9A6D1943A31100BF4252 /* en */ = {isa = PBXFileReference; lastKnownFileType = text.plist.strings; name = en; path = en.lproj/InfoPlist.strings; sourceTree = "<group>"; };
		8C6A9A6F1943A31100BF4252 /* __2_TableViewCellAccesoriesTests.m */ = {isa = PBXFileReference; lastKnownFileType = sourcecode.c.objc; path = __2_TableViewCellAccesoriesTests.m; sourceTree = "<group>"; };
		8C6A9A791943A33700BF4252 /* MyTableViewController.h */ = {isa = PBXFileReference; fileEncoding = 4; lastKnownFileType = sourcecode.c.h; path = MyTableViewController.h; sourceTree = "<group>"; };
		8C6A9A7A1943A33700BF4252 /* MyTableViewController.m */ = {isa = PBXFileReference; fileEncoding = 4; lastKnownFileType = sourcecode.c.objc; path = MyTableViewController.m; sourceTree = "<group>"; };
/* End PBXFileReference section */

/* Begin PBXFrameworksBuildPhase section */
		8C6A9A441943A31100BF4252 /* Frameworks */ = {
			isa = PBXFrameworksBuildPhase;
			buildActionMask = 2147483647;
			files = (
				8C6A9A4D1943A31100BF4252 /* CoreGraphics.framework in Frameworks */,
				8C6A9A4F1943A31100BF4252 /* UIKit.framework in Frameworks */,
				8C6A9A4B1943A31100BF4252 /* Foundation.framework in Frameworks */,
			);
			runOnlyForDeploymentPostprocessing = 0;
		};
		8C6A9A5F1943A31100BF4252 /* Frameworks */ = {
			isa = PBXFrameworksBuildPhase;
			buildActionMask = 2147483647;
			files = (
				8C6A9A641943A31100BF4252 /* XCTest.framework in Frameworks */,
				8C6A9A661943A31100BF4252 /* UIKit.framework in Frameworks */,
				8C6A9A651943A31100BF4252 /* Foundation.framework in Frameworks */,
			);
			runOnlyForDeploymentPostprocessing = 0;
		};
/* End PBXFrameworksBuildPhase section */

/* Begin PBXGroup section */
		8C6A9A3E1943A31100BF4252 = {
			isa = PBXGroup;
			children = (
				8C6A9A501943A31100BF4252 /* 4.2-TableViewCellAccesories */,
				8C6A9A691943A31100BF4252 /* 4.2-TableViewCellAccesoriesTests */,
				8C6A9A491943A31100BF4252 /* Frameworks */,
				8C6A9A481943A31100BF4252 /* Products */,
			);
			sourceTree = "<group>";
		};
		8C6A9A481943A31100BF4252 /* Products */ = {
			isa = PBXGroup;
			children = (
				8C6A9A471943A31100BF4252 /* 4.2-TableViewCellAccesories.app */,
				8C6A9A621943A31100BF4252 /* 4.2-TableViewCellAccesoriesTests.xctest */,
			);
			name = Products;
			sourceTree = "<group>";
		};
		8C6A9A491943A31100BF4252 /* Frameworks */ = {
			isa = PBXGroup;
			children = (
				8C6A9A4A1943A31100BF4252 /* Foundation.framework */,
				8C6A9A4C1943A31100BF4252 /* CoreGraphics.framework */,
				8C6A9A4E1943A31100BF4252 /* UIKit.framework */,
				8C6A9A631943A31100BF4252 /* XCTest.framework */,
			);
			name = Frameworks;
			sourceTree = "<group>";
		};
		8C6A9A501943A31100BF4252 /* 4.2-TableViewCellAccesories */ = {
			isa = PBXGroup;
			children = (
				8C6A9A591943A31100BF4252 /* AppDelegate.h */,
				8C6A9A5A1943A31100BF4252 /* AppDelegate.m */,
				8C6A9A791943A33700BF4252 /* MyTableViewController.h */,
				8C6A9A7A1943A33700BF4252 /* MyTableViewController.m */,
				8C6A9A5C1943A31100BF4252 /* Images.xcassets */,
				8C6A9A511943A31100BF4252 /* Supporting Files */,
			);
			path = "4.2-TableViewCellAccesories";
			sourceTree = "<group>";
		};
		8C6A9A511943A31100BF4252 /* Supporting Files */ = {
			isa = PBXGroup;
			children = (
				8C6A9A521943A31100BF4252 /* 4.2-TableViewCellAccesories-Info.plist */,
				8C6A9A531943A31100BF4252 /* InfoPlist.strings */,
				8C6A9A561943A31100BF4252 /* main.m */,
				8C6A9A581943A31100BF4252 /* 4.2-TableViewCellAccesories-Prefix.pch */,
			);
			name = "Supporting Files";
			sourceTree = "<group>";
		};
		8C6A9A691943A31100BF4252 /* 4.2-TableViewCellAccesoriesTests */ = {
			isa = PBXGroup;
			children = (
				8C6A9A6F1943A31100BF4252 /* __2_TableViewCellAccesoriesTests.m */,
				8C6A9A6A1943A31100BF4252 /* Supporting Files */,
			);
			path = "4.2-TableViewCellAccesoriesTests";
			sourceTree = "<group>";
		};
		8C6A9A6A1943A31100BF4252 /* Supporting Files */ = {
			isa = PBXGroup;
			children = (
				8C6A9A6B1943A31100BF4252 /* 4.2-TableViewCellAccesoriesTests-Info.plist */,
				8C6A9A6C1943A31100BF4252 /* InfoPlist.strings */,
			);
			name = "Supporting Files";
			sourceTree = "<group>";
		};
/* End PBXGroup section */

/* Begin PBXNativeTarget section */
		8C6A9A461943A31100BF4252 /* 4.2-TableViewCellAccesories */ = {
			isa = PBXNativeTarget;
			buildConfigurationList = 8C6A9A731943A31100BF4252 /* Build configuration list for PBXNativeTarget "4.2-TableViewCellAccesories" */;
			buildPhases = (
				8C6A9A431943A31100BF4252 /* Sources */,
				8C6A9A441943A31100BF4252 /* Frameworks */,
				8C6A9A451943A31100BF4252 /* Resources */,
			);
			buildRules = (
			);
			dependencies = (
			);
			name = "4.2-TableViewCellAccesories";
			productName = "4.2-TableViewCellAccesories";
			productReference = 8C6A9A471943A31100BF4252 /* 4.2-TableViewCellAccesories.app */;
			productType = "com.apple.product-type.application";
		};
		8C6A9A611943A31100BF4252 /* 4.2-TableViewCellAccesoriesTests */ = {
			isa = PBXNativeTarget;
			buildConfigurationList = 8C6A9A761943A31100BF4252 /* Build configuration list for PBXNativeTarget "4.2-TableViewCellAccesoriesTests" */;
			buildPhases = (
				8C6A9A5E1943A31100BF4252 /* Sources */,
				8C6A9A5F1943A31100BF4252 /* Frameworks */,
				8C6A9A601943A31100BF4252 /* Resources */,
			);
			buildRules = (
			);
			dependencies = (
				8C6A9A681943A31100BF4252 /* PBXTargetDependency */,
			);
			name = "4.2-TableViewCellAccesoriesTests";
			productName = "4.2-TableViewCellAccesoriesTests";
			productReference = 8C6A9A621943A31100BF4252 /* 4.2-TableViewCellAccesoriesTests.xctest */;
			productType = "com.apple.product-type.bundle.unit-test";
		};
/* End PBXNativeTarget section */

/* Begin PBXProject section */
		8C6A9A3F1943A31100BF4252 /* Project object */ = {
			isa = PBXProject;
			attributes = {
				LastUpgradeCheck = 0510;
				ORGANIZATIONNAME = "Roy Stanfield";
				TargetAttributes = {
					8C6A9A611943A31100BF4252 = {
						TestTargetID = 8C6A9A461943A31100BF4252;
					};
				};
			};
			buildConfigurationList = 8C6A9A421943A31100BF4252 /* Build configuration list for PBXProject "4.2-TableViewCellAccesories" */;
			compatibilityVersion = "Xcode 3.2";
			developmentRegion = English;
			hasScannedForEncodings = 0;
			knownRegions = (
				en,
			);
			mainGroup = 8C6A9A3E1943A31100BF4252;
			productRefGroup = 8C6A9A481943A31100BF4252 /* Products */;
			projectDirPath = "";
			projectRoot = "";
			targets = (
				8C6A9A461943A31100BF4252 /* 4.2-TableViewCellAccesories */,
				8C6A9A611943A31100BF4252 /* 4.2-TableViewCellAccesoriesTests */,
			);
		};
/* End PBXProject section */

/* Begin PBXResourcesBuildPhase section */
		8C6A9A451943A31100BF4252 /* Resources */ = {
			isa = PBXResourcesBuildPhase;
			buildActionMask = 2147483647;
			files = (
				8C6A9A551943A31100BF4252 /* InfoPlist.strings in Resources */,
				8C6A9A5D1943A31100BF4252 /* Images.xcassets in Resources */,
			);
			runOnlyForDeploymentPostprocessing = 0;
		};
		8C6A9A601943A31100BF4252 /* Resources */ = {
			isa = PBXResourcesBuildPhase;
			buildActionMask = 2147483647;
			files = (
				8C6A9A6E1943A31100BF4252 /* InfoPlist.strings in Resources */,
			);
			runOnlyForDeploymentPostprocessing = 0;
		};
/* End PBXResourcesBuildPhase section */

/* Begin PBXSourcesBuildPhase section */
		8C6A9A431943A31100BF4252 /* Sources */ = {
			isa = PBXSourcesBuildPhase;
			buildActionMask = 2147483647;
			files = (
				8C6A9A7B1943A33700BF4252 /* MyTableViewController.m in Sources */,
				8C6A9A5B1943A31100BF4252 /* AppDelegate.m in Sources */,
				8C6A9A571943A31100BF4252 /* main.m in Sources */,
			);
			runOnlyForDeploymentPostprocessing = 0;
		};
		8C6A9A5E1943A31100BF4252 /* Sources */ = {
			isa = PBXSourcesBuildPhase;
			buildActionMask = 2147483647;
			files = (
				8C6A9A701943A31100BF4252 /* __2_TableViewCellAccesoriesTests.m in Sources */,
			);
			runOnlyForDeploymentPostprocessing = 0;
		};
/* End PBXSourcesBuildPhase section */

/* Begin PBXTargetDependency section */
		8C6A9A681943A31100BF4252 /* PBXTargetDependency */ = {
			isa = PBXTargetDependency;
			target = 8C6A9A461943A31100BF4252 /* 4.2-TableViewCellAccesories */;
			targetProxy = 8C6A9A671943A31100BF4252 /* PBXContainerItemProxy */;
		};
/* End PBXTargetDependency section */

/* Begin PBXVariantGroup section */
		8C6A9A531943A31100BF4252 /* InfoPlist.strings */ = {
			isa = PBXVariantGroup;
			children = (
				8C6A9A541943A31100BF4252 /* en */,
			);
			name = InfoPlist.strings;
			sourceTree = "<group>";
		};
		8C6A9A6C1943A31100BF4252 /* InfoPlist.strings */ = {
			isa = PBXVariantGroup;
			children = (
				8C6A9A6D1943A31100BF4252 /* en */,
			);
			name = InfoPlist.strings;
			sourceTree = "<group>";
		};
/* End PBXVariantGroup section */

/* Begin XCBuildConfiguration section */
		8C6A9A711943A31100BF4252 /* Debug */ = {
			isa = XCBuildConfiguration;
			buildSettings = {
				ALWAYS_SEARCH_USER_PATHS = NO;
				CLANG_CXX_LANGUAGE_STANDARD = "gnu++0x";
				CLANG_CXX_LIBRARY = "libc++";
				CLANG_ENABLE_MODULES = YES;
				CLANG_ENABLE_OBJC_ARC = YES;
				CLANG_WARN_BOOL_CONVERSION = YES;
				CLANG_WARN_CONSTANT_CONVERSION = YES;
				CLANG_WARN_DIRECT_OBJC_ISA_USAGE = YES_ERROR;
				CLANG_WARN_EMPTY_BODY = YES;
				CLANG_WARN_ENUM_CONVERSION = YES;
				CLANG_WARN_INT_CONVERSION = YES;
				CLANG_WARN_OBJC_ROOT_CLASS = YES_ERROR;
				CLANG_WARN__DUPLICATE_METHOD_MATCH = YES;
				"CODE_SIGN_IDENTITY[sdk=iphoneos*]" = "iPhone Developer";
				COPY_PHASE_STRIP = NO;
				GCC_C_LANGUAGE_STANDARD = gnu99;
				GCC_DYNAMIC_NO_PIC = NO;
				GCC_OPTIMIZATION_LEVEL = 0;
				GCC_PREPROCESSOR_DEFINITIONS = (
					"DEBUG=1",
					"$(inherited)",
				);
				GCC_SYMBOLS_PRIVATE_EXTERN = NO;
				GCC_WARN_64_TO_32_BIT_CONVERSION = YES;
				GCC_WARN_ABOUT_RETURN_TYPE = YES_ERROR;
				GCC_WARN_UNDECLARED_SELECTOR = YES;
				GCC_WARN_UNINITIALIZED_AUTOS = YES_AGGRESSIVE;
				GCC_WARN_UNUSED_FUNCTION = YES;
				GCC_WARN_UNUSED_VARIABLE = YES;
				IPHONEOS_DEPLOYMENT_TARGET = 7.1;
				ONLY_ACTIVE_ARCH = YES;
				SDKROOT = iphoneos;
			};
			name = Debug;
		};
		8C6A9A721943A31100BF4252 /* Release */ = {
			isa = XCBuildConfiguration;
			buildSettings = {
				ALWAYS_SEARCH_USER_PATHS = NO;
				CLANG_CXX_LANGUAGE_STANDARD = "gnu++0x";
				CLANG_CXX_LIBRARY = "libc++";
				CLANG_ENABLE_MODULES = YES;
				CLANG_ENABLE_OBJC_ARC = YES;
				CLANG_WARN_BOOL_CONVERSION = YES;
				CLANG_WARN_CONSTANT_CONVERSION = YES;
				CLANG_WARN_DIRECT_OBJC_ISA_USAGE = YES_ERROR;
				CLANG_WARN_EMPTY_BODY = YES;
				CLANG_WARN_ENUM_CONVERSION = YES;
				CLANG_WARN_INT_CONVERSION = YES;
				CLANG_WARN_OBJC_ROOT_CLASS = YES_ERROR;
				CLANG_WARN__DUPLICATE_METHOD_MATCH = YES;
				"CODE_SIGN_IDENTITY[sdk=iphoneos*]" = "iPhone Developer";
				COPY_PHASE_STRIP = YES;
				ENABLE_NS_ASSERTIONS = NO;
				GCC_C_LANGUAGE_STANDARD = gnu99;
				GCC_WARN_64_TO_32_BIT_CONVERSION = YES;
				GCC_WARN_ABOUT_RETURN_TYPE = YES_ERROR;
				GCC_WARN_UNDECLARED_SELECTOR = YES;
				GCC_WARN_UNINITIALIZED_AUTOS = YES_AGGRESSIVE;
				GCC_WARN_UNUSED_FUNCTION = YES;
				GCC_WARN_UNUSED_VARIABLE = YES;
				IPHONEOS_DEPLOYMENT_TARGET = 7.1;
				SDKROOT = iphoneos;
				VALIDATE_PRODUCT = YES;
			};
			name = Release;
		};
		8C6A9A741943A31100BF4252 /* Debug */ = {
			isa = XCBuildConfiguration;
			buildSettings = {
				ASSETCATALOG_COMPILER_APPICON_NAME = AppIcon;
				ASSETCATALOG_COMPILER_LAUNCHIMAGE_NAME = LaunchImage;
				GCC_PRECOMPILE_PREFIX_HEADER = YES;
				GCC_PREFIX_HEADER = "4.2-TableViewCellAccesories/4.2-TableViewCellAccesories-Prefix.pch";
				INFOPLIST_FILE = "4.2-TableViewCellAccesories/4.2-TableViewCellAccesories-Info.plist";
				PRODUCT_NAME = "$(TARGET_NAME)";
				WRAPPER_EXTENSION = app;
			};
			name = Debug;
		};
		8C6A9A751943A31100BF4252 /* Release */ = {
			isa = XCBuildConfiguration;
			buildSettings = {
				ASSETCATALOG_COMPILER_APPICON_NAME = AppIcon;
				ASSETCATALOG_COMPILER_LAUNCHIMAGE_NAME = LaunchImage;
				GCC_PRECOMPILE_PREFIX_HEADER = YES;
				GCC_PREFIX_HEADER = "4.2-TableViewCellAccesories/4.2-TableViewCellAccesories-Prefix.pch";
				INFOPLIST_FILE = "4.2-TableViewCellAccesories/4.2-TableViewCellAccesories-Info.plist";
				PRODUCT_NAME = "$(TARGET_NAME)";
				WRAPPER_EXTENSION = app;
			};
			name = Release;
		};
		8C6A9A771943A31100BF4252 /* Debug */ = {
			isa = XCBuildConfiguration;
			buildSettings = {
				BUNDLE_LOADER = "$(BUILT_PRODUCTS_DIR)/4.2-TableViewCellAccesories.app/4.2-TableViewCellAccesories";
				FRAMEWORK_SEARCH_PATHS = (
					"$(SDKROOT)/Developer/Library/Frameworks",
					"$(inherited)",
					"$(DEVELOPER_FRAMEWORKS_DIR)",
				);
				GCC_PRECOMPILE_PREFIX_HEADER = YES;
				GCC_PREFIX_HEADER = "4.2-TableViewCellAccesories/4.2-TableViewCellAccesories-Prefix.pch";
				GCC_PREPROCESSOR_DEFINITIONS = (
					"DEBUG=1",
					"$(inherited)",
				);
				INFOPLIST_FILE = "4.2-TableViewCellAccesoriesTests/4.2-TableViewCellAccesoriesTests-Info.plist";
				PRODUCT_NAME = "$(TARGET_NAME)";
				TEST_HOST = "$(BUNDLE_LOADER)";
				WRAPPER_EXTENSION = xctest;
			};
			name = Debug;
		};
		8C6A9A781943A31100BF4252 /* Release */ = {
			isa = XCBuildConfiguration;
			buildSettings = {
				BUNDLE_LOADER = "$(BUILT_PRODUCTS_DIR)/4.2-TableViewCellAccesories.app/4.2-TableViewCellAccesories";
				FRAMEWORK_SEARCH_PATHS = (
					"$(SDKROOT)/Developer/Library/Frameworks",
					"$(inherited)",
					"$(DEVELOPER_FRAMEWORKS_DIR)",
				);
				GCC_PRECOMPILE_PREFIX_HEADER = YES;
				GCC_PREFIX_HEADER = "4.2-TableViewCellAccesories/4.2-TableViewCellAccesories-Prefix.pch";
				INFOPLIST_FILE = "4.2-TableViewCellAccesoriesTests/4.2-TableViewCellAccesoriesTests-Info.plist";
				PRODUCT_NAME = "$(TARGET_NAME)";
				TEST_HOST = "$(BUNDLE_LOADER)";
				WRAPPER_EXTENSION = xctest;
			};
			name = Release;
		};
/* End XCBuildConfiguration section */

/* Begin XCConfigurationList section */
		8C6A9A421943A31100BF4252 /* Build configuration list for PBXProject "4.2-TableViewCellAccesories" */ = {
			isa = XCConfigurationList;
			buildConfigurations = (
				8C6A9A711943A31100BF4252 /* Debug */,
				8C6A9A721943A31100BF4252 /* Release */,
			);
			defaultConfigurationIsVisible = 0;
			defaultConfigurationName = Release;
		};
		8C6A9A731943A31100BF4252 /* Build configuration list for PBXNativeTarget "4.2-TableViewCellAccesories" */ = {
			isa = XCConfigurationList;
			buildConfigurations = (
				8C6A9A741943A31100BF4252 /* Debug */,
				8C6A9A751943A31100BF4252 /* Release */,
			);
			defaultConfigurationIsVisible = 0;
		};
		8C6A9A761943A31100BF4252 /* Build configuration list for PBXNativeTarget "4.2-TableViewCellAccesoriesTests" */ = {
			isa = XCConfigurationList;
			buildConfigurations = (
				8C6A9A771943A31100BF4252 /* Debug */,
				8C6A9A781943A31100BF4252 /* Release */,
			);
			defaultConfigurationIsVisible = 0;
		};
/* End XCConfigurationList section */
	};
	rootObject = 8C6A9A3F1943A31100BF4252 /* Project object */;
}
