// !$*UTF8*$!
{
	archiveVersion = 1;
	classes = {
	};
	objectVersion = 46;
	objects = {

/* Begin PBXBuildFile section */
		8CF19642193273E4004562EB /* Foundation.framework in Frameworks */ = {isa = PBXBuildFile; fileRef = 8CF19641193273E4004562EB /* Foundation.framework */; };
		8CF19644193273E4004562EB /* CoreGraphics.framework in Frameworks */ = {isa = PBXBuildFile; fileRef = 8CF19643193273E4004562EB /* CoreGraphics.framework */; };
		8CF19646193273E4004562EB /* UIKit.framework in Frameworks */ = {isa = PBXBuildFile; fileRef = 8CF19645193273E4004562EB /* UIKit.framework */; };
		8CF1964C193273E4004562EB /* InfoPlist.strings in Resources */ = {isa = PBXBuildFile; fileRef = 8CF1964A193273E4004562EB /* InfoPlist.strings */; };
		8CF1964E193273E4004562EB /* main.m in Sources */ = {isa = PBXBuildFile; fileRef = 8CF1964D193273E4004562EB /* main.m */; };
		8CF19652193273E4004562EB /* JRSAppDelegate.m in Sources */ = {isa = PBXBuildFile; fileRef = 8CF19651193273E4004562EB /* JRSAppDelegate.m */; };
		8CF19654193273E4004562EB /* Images.xcassets in Resources */ = {isa = PBXBuildFile; fileRef = 8CF19653193273E4004562EB /* Images.xcassets */; };
		8CF1965B193273E4004562EB /* XCTest.framework in Frameworks */ = {isa = PBXBuildFile; fileRef = 8CF1965A193273E4004562EB /* XCTest.framework */; };
		8CF1965C193273E4004562EB /* Foundation.framework in Frameworks */ = {isa = PBXBuildFile; fileRef = 8CF19641193273E4004562EB /* Foundation.framework */; };
		8CF1965D193273E4004562EB /* UIKit.framework in Frameworks */ = {isa = PBXBuildFile; fileRef = 8CF19645193273E4004562EB /* UIKit.framework */; };
		8CF19665193273E4004562EB /* InfoPlist.strings in Resources */ = {isa = PBXBuildFile; fileRef = 8CF19663193273E4004562EB /* InfoPlist.strings */; };
		8CF19667193273E4004562EB /* __1_DisplayingAlertsTests.m in Sources */ = {isa = PBXBuildFile; fileRef = 8CF19666193273E4004562EB /* __1_DisplayingAlertsTests.m */; };
		8CF196721932774C004562EB /* ViewController.m in Sources */ = {isa = PBXBuildFile; fileRef = 8CF196711932774C004562EB /* ViewController.m */; };
/* End PBXBuildFile section */

/* Begin PBXContainerItemProxy section */
		8CF1965E193273E4004562EB /* PBXContainerItemProxy */ = {
			isa = PBXContainerItemProxy;
			containerPortal = 8CF19636193273E4004562EB /* Project object */;
			proxyType = 1;
			remoteGlobalIDString = 8CF1963D193273E4004562EB;
			remoteInfo = "1.1-DisplayingAlerts";
		};
/* End PBXContainerItemProxy section */

/* Begin PBXFileReference section */
		8CF1963E193273E4004562EB /* 1.1-DisplayingAlerts.app */ = {isa = PBXFileReference; explicitFileType = wrapper.application; includeInIndex = 0; path = "1.1-DisplayingAlerts.app"; sourceTree = BUILT_PRODUCTS_DIR; };
		8CF19641193273E4004562EB /* Foundation.framework */ = {isa = PBXFileReference; lastKnownFileType = wrapper.framework; name = Foundation.framework; path = System/Library/Frameworks/Foundation.framework; sourceTree = SDKROOT; };
		8CF19643193273E4004562EB /* CoreGraphics.framework */ = {isa = PBXFileReference; lastKnownFileType = wrapper.framework; name = CoreGraphics.framework; path = System/Library/Frameworks/CoreGraphics.framework; sourceTree = SDKROOT; };
		8CF19645193273E4004562EB /* UIKit.framework */ = {isa = PBXFileReference; lastKnownFileType = wrapper.framework; name = UIKit.framework; path = System/Library/Frameworks/UIKit.framework; sourceTree = SDKROOT; };
		8CF19649193273E4004562EB /* 1.1-DisplayingAlerts-Info.plist */ = {isa = PBXFileReference; lastKnownFileType = text.plist.xml; path = "1.1-DisplayingAlerts-Info.plist"; sourceTree = "<group>"; };
		8CF1964B193273E4004562EB /* en */ = {isa = PBXFileReference; lastKnownFileType = text.plist.strings; name = en; path = en.lproj/InfoPlist.strings; sourceTree = "<group>"; };
		8CF1964D193273E4004562EB /* main.m */ = {isa = PBXFileReference; lastKnownFileType = sourcecode.c.objc; path = main.m; sourceTree = "<group>"; };
		8CF1964F193273E4004562EB /* 1.1-DisplayingAlerts-Prefix.pch */ = {isa = PBXFileReference; lastKnownFileType = sourcecode.c.h; path = "1.1-DisplayingAlerts-Prefix.pch"; sourceTree = "<group>"; };
		8CF19650193273E4004562EB /* JRSAppDelegate.h */ = {isa = PBXFileReference; lastKnownFileType = sourcecode.c.h; path = JRSAppDelegate.h; sourceTree = "<group>"; };
		8CF19651193273E4004562EB /* JRSAppDelegate.m */ = {isa = PBXFileReference; lastKnownFileType = sourcecode.c.objc; path = JRSAppDelegate.m; sourceTree = "<group>"; };
		8CF19653193273E4004562EB /* Images.xcassets */ = {isa = PBXFileReference; lastKnownFileType = folder.assetcatalog; path = Images.xcassets; sourceTree = "<group>"; };
		8CF19659193273E4004562EB /* 1.1-DisplayingAlertsTests.xctest */ = {isa = PBXFileReference; explicitFileType = wrapper.cfbundle; includeInIndex = 0; path = "1.1-DisplayingAlertsTests.xctest"; sourceTree = BUILT_PRODUCTS_DIR; };
		8CF1965A193273E4004562EB /* XCTest.framework */ = {isa = PBXFileReference; lastKnownFileType = wrapper.framework; name = XCTest.framework; path = Library/Frameworks/XCTest.framework; sourceTree = DEVELOPER_DIR; };
		8CF19662193273E4004562EB /* 1.1-DisplayingAlertsTests-Info.plist */ = {isa = PBXFileReference; lastKnownFileType = text.plist.xml; path = "1.1-DisplayingAlertsTests-Info.plist"; sourceTree = "<group>"; };
		8CF19664193273E4004562EB /* en */ = {isa = PBXFileReference; lastKnownFileType = text.plist.strings; name = en; path = en.lproj/InfoPlist.strings; sourceTree = "<group>"; };
		8CF19666193273E4004562EB /* __1_DisplayingAlertsTests.m */ = {isa = PBXFileReference; lastKnownFileType = sourcecode.c.objc; path = __1_DisplayingAlertsTests.m; sourceTree = "<group>"; };
		8CF196701932774C004562EB /* ViewController.h */ = {isa = PBXFileReference; fileEncoding = 4; lastKnownFileType = sourcecode.c.h; path = ViewController.h; sourceTree = "<group>"; };
		8CF196711932774C004562EB /* ViewController.m */ = {isa = PBXFileReference; fileEncoding = 4; lastKnownFileType = sourcecode.c.objc; path = ViewController.m; sourceTree = "<group>"; };
/* End PBXFileReference section */

/* Begin PBXFrameworksBuildPhase section */
		8CF1963B193273E4004562EB /* Frameworks */ = {
			isa = PBXFrameworksBuildPhase;
			buildActionMask = 2147483647;
			files = (
				8CF19644193273E4004562EB /* CoreGraphics.framework in Frameworks */,
				8CF19646193273E4004562EB /* UIKit.framework in Frameworks */,
				8CF19642193273E4004562EB /* Foundation.framework in Frameworks */,
			);
			runOnlyForDeploymentPostprocessing = 0;
		};
		8CF19656193273E4004562EB /* Frameworks */ = {
			isa = PBXFrameworksBuildPhase;
			buildActionMask = 2147483647;
			files = (
				8CF1965B193273E4004562EB /* XCTest.framework in Frameworks */,
				8CF1965D193273E4004562EB /* UIKit.framework in Frameworks */,
				8CF1965C193273E4004562EB /* Foundation.framework in Frameworks */,
			);
			runOnlyForDeploymentPostprocessing = 0;
		};
/* End PBXFrameworksBuildPhase section */

/* Begin PBXGroup section */
		8CF19635193273E4004562EB = {
			isa = PBXGroup;
			children = (
				8CF19647193273E4004562EB /* 1.1-DisplayingAlerts */,
				8CF19660193273E4004562EB /* 1.1-DisplayingAlertsTests */,
				8CF19640193273E4004562EB /* Frameworks */,
				8CF1963F193273E4004562EB /* Products */,
			);
			sourceTree = "<group>";
		};
		8CF1963F193273E4004562EB /* Products */ = {
			isa = PBXGroup;
			children = (
				8CF1963E193273E4004562EB /* 1.1-DisplayingAlerts.app */,
				8CF19659193273E4004562EB /* 1.1-DisplayingAlertsTests.xctest */,
			);
			name = Products;
			sourceTree = "<group>";
		};
		8CF19640193273E4004562EB /* Frameworks */ = {
			isa = PBXGroup;
			children = (
				8CF19641193273E4004562EB /* Foundation.framework */,
				8CF19643193273E4004562EB /* CoreGraphics.framework */,
				8CF19645193273E4004562EB /* UIKit.framework */,
				8CF1965A193273E4004562EB /* XCTest.framework */,
			);
			name = Frameworks;
			sourceTree = "<group>";
		};
		8CF19647193273E4004562EB /* 1.1-DisplayingAlerts */ = {
			isa = PBXGroup;
			children = (
				8CF19650193273E4004562EB /* JRSAppDelegate.h */,
				8CF19651193273E4004562EB /* JRSAppDelegate.m */,
				8CF196701932774C004562EB /* ViewController.h */,
				8CF196711932774C004562EB /* ViewController.m */,
				8CF19653193273E4004562EB /* Images.xcassets */,
				8CF19648193273E4004562EB /* Supporting Files */,
			);
			path = "1.1-DisplayingAlerts";
			sourceTree = "<group>";
		};
		8CF19648193273E4004562EB /* Supporting Files */ = {
			isa = PBXGroup;
			children = (
				8CF19649193273E4004562EB /* 1.1-DisplayingAlerts-Info.plist */,
				8CF1964A193273E4004562EB /* InfoPlist.strings */,
				8CF1964D193273E4004562EB /* main.m */,
				8CF1964F193273E4004562EB /* 1.1-DisplayingAlerts-Prefix.pch */,
			);
			name = "Supporting Files";
			sourceTree = "<group>";
		};
		8CF19660193273E4004562EB /* 1.1-DisplayingAlertsTests */ = {
			isa = PBXGroup;
			children = (
				8CF19666193273E4004562EB /* __1_DisplayingAlertsTests.m */,
				8CF19661193273E4004562EB /* Supporting Files */,
			);
			path = "1.1-DisplayingAlertsTests";
			sourceTree = "<group>";
		};
		8CF19661193273E4004562EB /* Supporting Files */ = {
			isa = PBXGroup;
			children = (
				8CF19662193273E4004562EB /* 1.1-DisplayingAlertsTests-Info.plist */,
				8CF19663193273E4004562EB /* InfoPlist.strings */,
			);
			name = "Supporting Files";
			sourceTree = "<group>";
		};
/* End PBXGroup section */

/* Begin PBXNativeTarget section */
		8CF1963D193273E4004562EB /* 1.1-DisplayingAlerts */ = {
			isa = PBXNativeTarget;
			buildConfigurationList = 8CF1966A193273E4004562EB /* Build configuration list for PBXNativeTarget "1.1-DisplayingAlerts" */;
			buildPhases = (
				8CF1963A193273E4004562EB /* Sources */,
				8CF1963B193273E4004562EB /* Frameworks */,
				8CF1963C193273E4004562EB /* Resources */,
			);
			buildRules = (
			);
			dependencies = (
			);
			name = "1.1-DisplayingAlerts";
			productName = "1.1-DisplayingAlerts";
			productReference = 8CF1963E193273E4004562EB /* 1.1-DisplayingAlerts.app */;
			productType = "com.apple.product-type.application";
		};
		8CF19658193273E4004562EB /* 1.1-DisplayingAlertsTests */ = {
			isa = PBXNativeTarget;
			buildConfigurationList = 8CF1966D193273E4004562EB /* Build configuration list for PBXNativeTarget "1.1-DisplayingAlertsTests" */;
			buildPhases = (
				8CF19655193273E4004562EB /* Sources */,
				8CF19656193273E4004562EB /* Frameworks */,
				8CF19657193273E4004562EB /* Resources */,
			);
			buildRules = (
			);
			dependencies = (
				8CF1965F193273E4004562EB /* PBXTargetDependency */,
			);
			name = "1.1-DisplayingAlertsTests";
			productName = "1.1-DisplayingAlertsTests";
			productReference = 8CF19659193273E4004562EB /* 1.1-DisplayingAlertsTests.xctest */;
			productType = "com.apple.product-type.bundle.unit-test";
		};
/* End PBXNativeTarget section */

/* Begin PBXProject section */
		8CF19636193273E4004562EB /* Project object */ = {
			isa = PBXProject;
			attributes = {
				CLASSPREFIX = JRS;
				LastUpgradeCheck = 0510;
				ORGANIZATIONNAME = "Roy Stanfield";
				TargetAttributes = {
					8CF19658193273E4004562EB = {
						TestTargetID = 8CF1963D193273E4004562EB;
					};
				};
			};
			buildConfigurationList = 8CF19639193273E4004562EB /* Build configuration list for PBXProject "1.1-DisplayingAlerts" */;
			compatibilityVersion = "Xcode 3.2";
			developmentRegion = English;
			hasScannedForEncodings = 0;
			knownRegions = (
				en,
			);
			mainGroup = 8CF19635193273E4004562EB;
			productRefGroup = 8CF1963F193273E4004562EB /* Products */;
			projectDirPath = "";
			projectRoot = "";
			targets = (
				8CF1963D193273E4004562EB /* 1.1-DisplayingAlerts */,
				8CF19658193273E4004562EB /* 1.1-DisplayingAlertsTests */,
			);
		};
/* End PBXProject section */

/* Begin PBXResourcesBuildPhase section */
		8CF1963C193273E4004562EB /* Resources */ = {
			isa = PBXResourcesBuildPhase;
			buildActionMask = 2147483647;
			files = (
				8CF1964C193273E4004562EB /* InfoPlist.strings in Resources */,
				8CF19654193273E4004562EB /* Images.xcassets in Resources */,
			);
			runOnlyForDeploymentPostprocessing = 0;
		};
		8CF19657193273E4004562EB /* Resources */ = {
			isa = PBXResourcesBuildPhase;
			buildActionMask = 2147483647;
			files = (
				8CF19665193273E4004562EB /* InfoPlist.strings in Resources */,
			);
			runOnlyForDeploymentPostprocessing = 0;
		};
/* End PBXResourcesBuildPhase section */

/* Begin PBXSourcesBuildPhase section */
		8CF1963A193273E4004562EB /* Sources */ = {
			isa = PBXSourcesBuildPhase;
			buildActionMask = 2147483647;
			files = (
				8CF196721932774C004562EB /* ViewController.m in Sources */,
				8CF19652193273E4004562EB /* JRSAppDelegate.m in Sources */,
				8CF1964E193273E4004562EB /* main.m in Sources */,
			);
			runOnlyForDeploymentPostprocessing = 0;
		};
		8CF19655193273E4004562EB /* Sources */ = {
			isa = PBXSourcesBuildPhase;
			buildActionMask = 2147483647;
			files = (
				8CF19667193273E4004562EB /* __1_DisplayingAlertsTests.m in Sources */,
			);
			runOnlyForDeploymentPostprocessing = 0;
		};
/* End PBXSourcesBuildPhase section */

/* Begin PBXTargetDependency section */
		8CF1965F193273E4004562EB /* PBXTargetDependency */ = {
			isa = PBXTargetDependency;
			target = 8CF1963D193273E4004562EB /* 1.1-DisplayingAlerts */;
			targetProxy = 8CF1965E193273E4004562EB /* PBXContainerItemProxy */;
		};
/* End PBXTargetDependency section */

/* Begin PBXVariantGroup section */
		8CF1964A193273E4004562EB /* InfoPlist.strings */ = {
			isa = PBXVariantGroup;
			children = (
				8CF1964B193273E4004562EB /* en */,
			);
			name = InfoPlist.strings;
			sourceTree = "<group>";
		};
		8CF19663193273E4004562EB /* InfoPlist.strings */ = {
			isa = PBXVariantGroup;
			children = (
				8CF19664193273E4004562EB /* en */,
			);
			name = InfoPlist.strings;
			sourceTree = "<group>";
		};
/* End PBXVariantGroup section */

/* Begin XCBuildConfiguration section */
		8CF19668193273E4004562EB /* Debug */ = {
			isa = XCBuildConfiguration;
			buildSettings = {
				ALWAYS_SEARCH_USER_PATHS = NO;
				CLANG_CXX_LANGUAGE_STANDARD = "gnu++0x";
				CLANG_CXX_LIBRARY = "libc++";
				CLANG_ENABLE_MODULES = YES;
				CLANG_ENABLE_OBJC_ARC = YES;
				CLANG_WARN_BOOL_CONVERSION = YES;
				CLANG_WARN_CONSTANT_CONVERSION = YES;
				CLANG_WARN_DIRECT_OBJC_ISA_USAGE = YES_ERROR;
				CLANG_WARN_EMPTY_BODY = YES;
				CLANG_WARN_ENUM_CONVERSION = YES;
				CLANG_WARN_INT_CONVERSION = YES;
				CLANG_WARN_OBJC_ROOT_CLASS = YES_ERROR;
				CLANG_WARN__DUPLICATE_METHOD_MATCH = YES;
				"CODE_SIGN_IDENTITY[sdk=iphoneos*]" = "iPhone Developer";
				COPY_PHASE_STRIP = NO;
				GCC_C_LANGUAGE_STANDARD = gnu99;
				GCC_DYNAMIC_NO_PIC = NO;
				GCC_OPTIMIZATION_LEVEL = 0;
				GCC_PREPROCESSOR_DEFINITIONS = (
					"DEBUG=1",
					"$(inherited)",
				);
				GCC_SYMBOLS_PRIVATE_EXTERN = NO;
				GCC_WARN_64_TO_32_BIT_CONVERSION = YES;
				GCC_WARN_ABOUT_RETURN_TYPE = YES_ERROR;
				GCC_WARN_UNDECLARED_SELECTOR = YES;
				GCC_WARN_UNINITIALIZED_AUTOS = YES_AGGRESSIVE;
				GCC_WARN_UNUSED_FUNCTION = YES;
				GCC_WARN_UNUSED_VARIABLE = YES;
				IPHONEOS_DEPLOYMENT_TARGET = 7.1;
				ONLY_ACTIVE_ARCH = YES;
				SDKROOT = iphoneos;
			};
			name = Debug;
		};
		8CF19669193273E4004562EB /* Release */ = {
			isa = XCBuildConfiguration;
			buildSettings = {
				ALWAYS_SEARCH_USER_PATHS = NO;
				CLANG_CXX_LANGUAGE_STANDARD = "gnu++0x";
				CLANG_CXX_LIBRARY = "libc++";
				CLANG_ENABLE_MODULES = YES;
				CLANG_ENABLE_OBJC_ARC = YES;
				CLANG_WARN_BOOL_CONVERSION = YES;
				CLANG_WARN_CONSTANT_CONVERSION = YES;
				CLANG_WARN_DIRECT_OBJC_ISA_USAGE = YES_ERROR;
				CLANG_WARN_EMPTY_BODY = YES;
				CLANG_WARN_ENUM_CONVERSION = YES;
				CLANG_WARN_INT_CONVERSION = YES;
				CLANG_WARN_OBJC_ROOT_CLASS = YES_ERROR;
				CLANG_WARN__DUPLICATE_METHOD_MATCH = YES;
				"CODE_SIGN_IDENTITY[sdk=iphoneos*]" = "iPhone Developer";
				COPY_PHASE_STRIP = YES;
				ENABLE_NS_ASSERTIONS = NO;
				GCC_C_LANGUAGE_STANDARD = gnu99;
				GCC_WARN_64_TO_32_BIT_CONVERSION = YES;
				GCC_WARN_ABOUT_RETURN_TYPE = YES_ERROR;
				GCC_WARN_UNDECLARED_SELECTOR = YES;
				GCC_WARN_UNINITIALIZED_AUTOS = YES_AGGRESSIVE;
				GCC_WARN_UNUSED_FUNCTION = YES;
				GCC_WARN_UNUSED_VARIABLE = YES;
				IPHONEOS_DEPLOYMENT_TARGET = 7.1;
				SDKROOT = iphoneos;
				VALIDATE_PRODUCT = YES;
			};
			name = Release;
		};
		8CF1966B193273E4004562EB /* Debug */ = {
			isa = XCBuildConfiguration;
			buildSettings = {
				ASSETCATALOG_COMPILER_APPICON_NAME = AppIcon;
				ASSETCATALOG_COMPILER_LAUNCHIMAGE_NAME = LaunchImage;
				GCC_PRECOMPILE_PREFIX_HEADER = YES;
				GCC_PREFIX_HEADER = "1.1-DisplayingAlerts/1.1-DisplayingAlerts-Prefix.pch";
				INFOPLIST_FILE = "1.1-DisplayingAlerts/1.1-DisplayingAlerts-Info.plist";
				PRODUCT_NAME = "$(TARGET_NAME)";
				WRAPPER_EXTENSION = app;
			};
			name = Debug;
		};
		8CF1966C193273E4004562EB /* Release */ = {
			isa = XCBuildConfiguration;
			buildSettings = {
				ASSETCATALOG_COMPILER_APPICON_NAME = AppIcon;
				ASSETCATALOG_COMPILER_LAUNCHIMAGE_NAME = LaunchImage;
				GCC_PRECOMPILE_PREFIX_HEADER = YES;
				GCC_PREFIX_HEADER = "1.1-DisplayingAlerts/1.1-DisplayingAlerts-Prefix.pch";
				INFOPLIST_FILE = "1.1-DisplayingAlerts/1.1-DisplayingAlerts-Info.plist";
				PRODUCT_NAME = "$(TARGET_NAME)";
				WRAPPER_EXTENSION = app;
			};
			name = Release;
		};
		8CF1966E193273E4004562EB /* Debug */ = {
			isa = XCBuildConfiguration;
			buildSettings = {
				BUNDLE_LOADER = "$(BUILT_PRODUCTS_DIR)/1.1-DisplayingAlerts.app/1.1-DisplayingAlerts";
				FRAMEWORK_SEARCH_PATHS = (
					"$(SDKROOT)/Developer/Library/Frameworks",
					"$(inherited)",
					"$(DEVELOPER_FRAMEWORKS_DIR)",
				);
				GCC_PRECOMPILE_PREFIX_HEADER = YES;
				GCC_PREFIX_HEADER = "1.1-DisplayingAlerts/1.1-DisplayingAlerts-Prefix.pch";
				GCC_PREPROCESSOR_DEFINITIONS = (
					"DEBUG=1",
					"$(inherited)",
				);
				INFOPLIST_FILE = "1.1-DisplayingAlertsTests/1.1-DisplayingAlertsTests-Info.plist";
				PRODUCT_NAME = "$(TARGET_NAME)";
				TEST_HOST = "$(BUNDLE_LOADER)";
				WRAPPER_EXTENSION = xctest;
			};
			name = Debug;
		};
		8CF1966F193273E4004562EB /* Release */ = {
			isa = XCBuildConfiguration;
			buildSettings = {
				BUNDLE_LOADER = "$(BUILT_PRODUCTS_DIR)/1.1-DisplayingAlerts.app/1.1-DisplayingAlerts";
				FRAMEWORK_SEARCH_PATHS = (
					"$(SDKROOT)/Developer/Library/Frameworks",
					"$(inherited)",
					"$(DEVELOPER_FRAMEWORKS_DIR)",
				);
				GCC_PRECOMPILE_PREFIX_HEADER = YES;
				GCC_PREFIX_HEADER = "1.1-DisplayingAlerts/1.1-DisplayingAlerts-Prefix.pch";
				INFOPLIST_FILE = "1.1-DisplayingAlertsTests/1.1-DisplayingAlertsTests-Info.plist";
				PRODUCT_NAME = "$(TARGET_NAME)";
				TEST_HOST = "$(BUNDLE_LOADER)";
				WRAPPER_EXTENSION = xctest;
			};
			name = Release;
		};
/* End XCBuildConfiguration section */

/* Begin XCConfigurationList section */
		8CF19639193273E4004562EB /* Build configuration list for PBXProject "1.1-DisplayingAlerts" */ = {
			isa = XCConfigurationList;
			buildConfigurations = (
				8CF19668193273E4004562EB /* Debug */,
				8CF19669193273E4004562EB /* Release */,
			);
			defaultConfigurationIsVisible = 0;
			defaultConfigurationName = Release;
		};
		8CF1966A193273E4004562EB /* Build configuration list for PBXNativeTarget "1.1-DisplayingAlerts" */ = {
			isa = XCConfigurationList;
			buildConfigurations = (
				8CF1966B193273E4004562EB /* Debug */,
				8CF1966C193273E4004562EB /* Release */,
			);
			defaultConfigurationIsVisible = 0;
		};
		8CF1966D193273E4004562EB /* Build configuration list for PBXNativeTarget "1.1-DisplayingAlertsTests" */ = {
			isa = XCConfigurationList;
			buildConfigurations = (
				8CF1966E193273E4004562EB /* Debug */,
				8CF1966F193273E4004562EB /* Release */,
			);
			defaultConfigurationIsVisible = 0;
		};
/* End XCConfigurationList section */
	};
	rootObject = 8CF19636193273E4004562EB /* Project object */;
}
